
Microsoft Visual Studio Solution File, Format Version 12.00
# Visual Studio Version 16
VisualStudioVersion = 16.0.30114.105
MinimumVisualStudioVersion = 10.0.40219.1
Project("{FAE04EC0-301F-11D3-BF4B-00C04F79EFBC}") = "EcAPI", "EcAPI\EcAPI.csproj", "{6EB972EC-3819-4A68-A284-79B398039336}"
EndProject
Project("{FAE04EC0-301F-11D3-BF4B-00C04F79EFBC}") = "Core", "Core\Core.csproj", "{A735A2A9-59F0-43BC-BA73-D8ED6AD5E9FA}"
EndProject
Project("{FAE04EC0-301F-11D3-BF4B-00C04F79EFBC}") = "Infrastructure", "Infrastructure\Infrastructure.csproj", "{65A978C9-5DCB-4A59-BA9F-A0BE97A72EE5}"
EndProject
Global
	GlobalSection(SolutionConfigurationPlatforms) = preSolution
		Debug|Any CPU = Debug|Any CPU
		Release|Any CPU = Release|Any CPU
	EndGlobalSection
	GlobalSection(SolutionProperties) = preSolution
		HideSolutionNode = FALSE
	EndGlobalSection
	GlobalSection(ProjectConfigurationPlatforms) = postSolution
		{6EB972EC-3819-4A68-A284-79B398039336}.Debug|Any CPU.ActiveCfg = Debug|Any CPU
		{6EB972EC-3819-4A68-A284-79B398039336}.Debug|Any CPU.Build.0 = Debug|Any CPU
		{6EB972EC-3819-4A68-A284-79B398039336}.Release|Any CPU.ActiveCfg = Release|Any CPU
		{6EB972EC-3819-4A68-A284-79B398039336}.Release|Any CPU.Build.0 = Release|Any CPU
		{A735A2A9-59F0-43BC-BA73-D8ED6AD5E9FA}.Debug|Any CPU.ActiveCfg = Debug|Any CPU
		{A735A2A9-59F0-43BC-BA73-D8ED6AD5E9FA}.Debug|Any CPU.Build.0 = Debug|Any CPU
		{A735A2A9-59F0-43BC-BA73-D8ED6AD5E9FA}.Release|Any CPU.ActiveCfg = Release|Any CPU
		{A735A2A9-59F0-43BC-BA73-D8ED6AD5E9FA}.Release|Any CPU.Build.0 = Release|Any CPU
		{65A978C9-5DCB-4A59-BA9F-A0BE97A72EE5}.Debug|Any CPU.ActiveCfg = Debug|Any CPU
		{65A978C9-5DCB-4A59-BA9F-A0BE97A72EE5}.Debug|Any CPU.Build.0 = Debug|Any CPU
		{65A978C9-5DCB-4A59-BA9F-A0BE97A72EE5}.Release|Any CPU.ActiveCfg = Release|Any CPU
		{65A978C9-5DCB-4A59-BA9F-A0BE97A72EE5}.Release|Any CPU.Build.0 = Release|Any CPU
	EndGlobalSection
EndGlobal
